
Microsoft Visual Studio Solution File, Format Version 12.00
# Visual Studio 14
VisualStudioVersion = 14.0.25420.1
MinimumVisualStudioVersion = 10.0.40219.1
Project("{FAE04EC0-301F-11D3-BF4B-00C04F79EFBC}") = "MiniZ.Net", "MiniZ.Net\MiniZ.Net.csproj", "{1DD4F850-EA05-44D1-801A-A300582D58E6}"
	ProjectSection(ProjectDependencies) = postProject
		{5C85F62C-96EA-41B0-A510-0D6883DE63F2} = {5C85F62C-96EA-41B0-A510-0D6883DE63F2}
		{99433D49-C100-4FD7-935F-4D448B4D15AF} = {99433D49-C100-4FD7-935F-4D448B4D15AF}
	EndProjectSection
EndProject
Project("{FAE04EC0-301F-11D3-BF4B-00C04F79EFBC}") = "Test", "Test\Test.csproj", "{62736C73-602A-4D51-B2A0-1CF36F36BF4E}"
EndProject
Project("{8BC9CEB8-8B4A-11D0-8D11-00A0C91BC942}") = "MiniZ32", "MiniZ\MiniZ32.vcxproj", "{99433D49-C100-4FD7-935F-4D448B4D15AF}"
EndProject
Project("{8BC9CEB8-8B4A-11D0-8D11-00A0C91BC942}") = "MiniZ64", "MiniZ\MiniZ64.vcxproj", "{5C85F62C-96EA-41B0-A510-0D6883DE63F2}"
EndProject
Global
	GlobalSection(SolutionConfigurationPlatforms) = preSolution
		Debug|Any CPU = Debug|Any CPU
		Release|Any CPU = Release|Any CPU
	EndGlobalSection
	GlobalSection(ProjectConfigurationPlatforms) = postSolution
		{1DD4F850-EA05-44D1-801A-A300582D58E6}.Debug|Any CPU.ActiveCfg = Debug|Any CPU
		{1DD4F850-EA05-44D1-801A-A300582D58E6}.Debug|Any CPU.Build.0 = Debug|Any CPU
		{1DD4F850-EA05-44D1-801A-A300582D58E6}.Release|Any CPU.ActiveCfg = Release|Any CPU
		{1DD4F850-EA05-44D1-801A-A300582D58E6}.Release|Any CPU.Build.0 = Release|Any CPU
		{62736C73-602A-4D51-B2A0-1CF36F36BF4E}.Debug|Any CPU.ActiveCfg = Debug|Any CPU
		{62736C73-602A-4D51-B2A0-1CF36F36BF4E}.Debug|Any CPU.Build.0 = Debug|Any CPU
		{62736C73-602A-4D51-B2A0-1CF36F36BF4E}.Release|Any CPU.ActiveCfg = Release|Any CPU
		{62736C73-602A-4D51-B2A0-1CF36F36BF4E}.Release|Any CPU.Build.0 = Release|Any CPU
		{99433D49-C100-4FD7-935F-4D448B4D15AF}.Debug|Any CPU.ActiveCfg = Debug|Win32
		{99433D49-C100-4FD7-935F-4D448B4D15AF}.Debug|Any CPU.Build.0 = Debug|Win32
		{99433D49-C100-4FD7-935F-4D448B4D15AF}.Release|Any CPU.ActiveCfg = Release|Win32
		{99433D49-C100-4FD7-935F-4D448B4D15AF}.Release|Any CPU.Build.0 = Release|Win32
		{5C85F62C-96EA-41B0-A510-0D6883DE63F2}.Debug|Any CPU.ActiveCfg = Debug|x64
		{5C85F62C-96EA-41B0-A510-0D6883DE63F2}.Debug|Any CPU.Build.0 = Debug|x64
		{5C85F62C-96EA-41B0-A510-0D6883DE63F2}.Release|Any CPU.ActiveCfg = Release|x64
		{5C85F62C-96EA-41B0-A510-0D6883DE63F2}.Release|Any CPU.Build.0 = Release|x64
	EndGlobalSection
	GlobalSection(SolutionProperties) = preSolution
		HideSolutionNode = FALSE
	EndGlobalSection
EndGlobal
